{
  "requires": true,
  "lockfileVersion": 1,
  "dependencies": {
    "@types/node": {
      "version": "13.1.8",
      "resolved": "https://registry.npmjs.org/@types/node/-/node-13.1.8.tgz",
      "integrity": "sha512-6XzyyNM9EKQW4HKuzbo/CkOIjn/evtCmsU+MUM1xDfJ+3/rNjBttM1NgN7AOQvN6tP1Sl1D1PIKMreTArnxM9A=="
    },
    "agentkeepalive": {
      "version": "0.2.4",
      "resolved": "https://registry.npmjs.org/agentkeepalive/-/agentkeepalive-0.2.4.tgz",
      "integrity": "sha1-0T7e5OAZD2E/Ej5/+dl3j3kzluY="
    },
    "amqplib": {
      "version": "0.4.1",
      "resolved": "https://registry.npmjs.org/amqplib/-/amqplib-0.4.1.tgz",
      "integrity": "sha1-mI5cZeuZKy34SG1S7y9ru8j9vQ4=",
      "requires": {
        "bitsyntax": "~0.0.4",
        "buffer-more-ints": "0.0.2",
        "readable-stream": "1.x >=1.1.9",
        "when": "~3.6.2"
      }
    },
    "asap": {
      "version": "2.0.6",
      "resolved": "https://registry.npmjs.org/asap/-/asap-2.0.6.tgz",
      "integrity": "sha1-5QNHYR1+aQlDIIu9r+vLwvuGbUY="
    },
    "async": {
      "version": "1.5.2",
      "resolved": "https://registry.npmjs.org/async/-/async-1.5.2.tgz",
      "integrity": "sha1-7GphrlZIDAw8skHJVhjiCJL5Zyo="
    },
    "babble": {
      "version": "0.11.0",
      "resolved": "https://registry.npmjs.org/babble/-/babble-0.11.0.tgz",
      "integrity": "sha1-YveOpfzAyW1jRq9kNZrLYroAVC0=",
      "requires": {
        "es6-promise": "^3.1.2",
        "node-uuid": "~1.4.7",
        "pubnub": "~3.9.2",
        "pubsub-js": "~1.5.3"
      }
    },
    "bindings": {
      "version": "1.2.1",
      "resolved": "https://registry.npmjs.org/bindings/-/bindings-1.2.1.tgz",
      "integrity": "sha1-FK1hE4EtLTfXLme0ystLtyZQXxE=",
      "optional": true
    },
    "bitsyntax": {
      "version": "0.0.4",
      "resolved": "https://registry.npmjs.org/bitsyntax/-/bitsyntax-0.0.4.tgz",
      "integrity": "sha1-6xDMb4K4xJDj6FaY8H6D1G4MuoI=",
      "requires": {
        "buffer-more-ints": "0.0.2"
      }
    },
    "bluebird": {
      "version": "1.2.4",
      "resolved": "https://registry.npmjs.org/bluebird/-/bluebird-1.2.4.tgz",
      "integrity": "sha1-WYXsI8tv8aWDTMZEezxe8BD9Mho="
    },
    "body-parser": {
      "version": "1.14.1",
      "resolved": "https://registry.npmjs.org/body-parser/-/body-parser-1.14.1.tgz",
      "integrity": "sha1-/+kh66POjxkeKoqIA4RL0CXzxtw=",
      "requires": {
        "bytes": "2.1.0",
        "content-type": "~1.0.1",
        "debug": "~2.2.0",
        "depd": "~1.1.0",
        "http-errors": "~1.3.1",
        "iconv-lite": "0.4.12",
        "on-finished": "~2.3.0",
        "qs": "5.1.0",
        "raw-body": "~2.1.4",
        "type-is": "~1.6.9"
      }
    },
    "buffer-more-ints": {
      "version": "0.0.2",
      "resolved": "https://registry.npmjs.org/buffer-more-ints/-/buffer-more-ints-0.0.2.tgz",
      "integrity": "sha1-JrOIXRD6E9t/wBquOquHAZngEkw="
    },
    "bufferutil": {
      "version": "1.2.1",
      "resolved": "https://registry.npmjs.org/bufferutil/-/bufferutil-1.2.1.tgz",
      "integrity": "sha1-N75dNuHgZJIiHmjUdLGsWOUQy9c=",
      "optional": true,
      "requires": {
        "bindings": "1.2.x",
        "nan": "^2.0.5"
      },
      "dependencies": {
        "nan": {
          "version": "2.14.0",
          "resolved": "https://registry.npmjs.org/nan/-/nan-2.14.0.tgz",
          "integrity": "sha512-INOFj37C7k3AfaNTtX8RhsTw7qRy7eLET14cROi9+5HAVbbHuIWUHEauBv5qT4Av2tWasiTY1Jw6puUNqRJXQg==",
          "optional": true
        }
      }
    },
    "bytes": {
      "version": "2.1.0",
      "resolved": "https://registry.npmjs.org/bytes/-/bytes-2.1.0.tgz",
      "integrity": "sha1-rJPEEOL/ycx89LRks4KJBn9eR7Q="
    },
    "commander": {
      "version": "2.1.0",
      "resolved": "https://registry.npmjs.org/commander/-/commander-2.1.0.tgz",
      "integrity": "sha1-0SG7roYNmZKj1Re6lvVliOR8Z4E="
    },
    "content-type": {
      "version": "1.0.4",
      "resolved": "https://registry.npmjs.org/content-type/-/content-type-1.0.4.tgz",
      "integrity": "sha512-hIP3EEPs8tB9AT1L+NUqtwOAps4mk2Zob89MWXMHjHWg9milF/j4osnnQLXBCBFBk/tvIG/tUc9mOUJiPBhPXA=="
    },
    "core-util-is": {
      "version": "1.0.2",
      "resolved": "https://registry.npmjs.org/core-util-is/-/core-util-is-1.0.2.tgz",
      "integrity": "sha1-tf1UIgqivFq1eqtxQMlAdUUDwac="
    },
    "d": {
      "version": "0.1.1",
      "resolved": "https://registry.npmjs.org/d/-/d-0.1.1.tgz",
      "integrity": "sha1-2hhMU10Y2O57oqoim5FACfrhEwk=",
      "requires": {
        "es5-ext": "~0.10.2"
      }
    },
    "debug": {
      "version": "2.2.0",
      "resolved": "https://registry.npmjs.org/debug/-/debug-2.2.0.tgz",
      "integrity": "sha1-+HBX6ZWxofauaklgZkE3vFbwOdo=",
      "requires": {
        "ms": "0.7.1"
      }
    },
    "depd": {
      "version": "1.1.2",
      "resolved": "https://registry.npmjs.org/depd/-/depd-1.1.2.tgz",
      "integrity": "sha1-m81S4UwJd2PnSbJ0xDRu0uVgtak="
    },
    "distribus": {
      "version": "0.4.0",
      "resolved": "https://registry.npmjs.org/distribus/-/distribus-0.4.0.tgz",
      "integrity": "sha1-lHeQkhPpOY3a+c0yDhUEpcBCxXU=",
      "requires": {
        "bluebird": "^1.2.4",
        "emitter-component": "^1.1.1",
        "node-uuid": "^1.4.1",
        "ws": "^0.4.31"
      },
      "dependencies": {
        "ws": {
          "version": "0.4.32",
          "resolved": "https://registry.npmjs.org/ws/-/ws-0.4.32.tgz",
          "integrity": "sha1-eHphVEFPPJntg8V3IVOyD+sM7DI=",
          "requires": {
            "commander": "~2.1.0",
            "nan": "~1.0.0",
            "options": ">=0.0.5",
            "tinycolor": "0.x"
          }
        }
      }
    },
    "ee-first": {
      "version": "1.1.1",
      "resolved": "https://registry.npmjs.org/ee-first/-/ee-first-1.1.1.tgz",
      "integrity": "sha1-WQxhFWsK4vTwJVcyoViyZrxWsh0="
    },
    "emitter-component": {
      "version": "1.1.1",
      "resolved": "https://registry.npmjs.org/emitter-component/-/emitter-component-1.1.1.tgz",
      "integrity": "sha1-Bl4tvtaVm/RwZ57avq95gdEAOrY="
    },
    "es5-ext": {
      "version": "0.10.53",
      "resolved": "https://registry.npmjs.org/es5-ext/-/es5-ext-0.10.53.tgz",
      "integrity": "sha512-Xs2Stw6NiNHWypzRTY1MtaG/uJlwCk8kH81920ma8mvN8Xq1gsfhZvpkImLQArw8AHnv8MT2I45J3c0R8slE+Q==",
      "requires": {
        "es6-iterator": "~2.0.3",
        "es6-symbol": "~3.1.3",
        "next-tick": "~1.0.0"
      }
    },
    "es6-iterator": {
      "version": "2.0.3",
      "resolved": "https://registry.npmjs.org/es6-iterator/-/es6-iterator-2.0.3.tgz",
      "integrity": "sha1-p96IkUGgWpSwhUQDstCg+/qY87c=",
      "requires": {
        "d": "1",
        "es5-ext": "^0.10.35",
        "es6-symbol": "^3.1.1"
      },
      "dependencies": {
        "d": {
          "version": "1.0.1",
          "resolved": "https://registry.npmjs.org/d/-/d-1.0.1.tgz",
          "integrity": "sha512-m62ShEObQ39CfralilEQRjH6oAMtNCV1xJyEx5LpRYUVN+EviphDgUc/F3hnYbADmkiNs67Y+3ylmlG7Lnu+FA==",
          "requires": {
            "es5-ext": "^0.10.50",
            "type": "^1.0.1"
          }
        }
      }
    },
    "es6-promise": {
      "version": "3.3.1",
      "resolved": "https://registry.npmjs.org/es6-promise/-/es6-promise-3.3.1.tgz",
      "integrity": "sha1-oIzd6EzNvzTQJ6FFG8kdS80ophM="
    },
    "es6-symbol": {
      "version": "3.1.3",
      "resolved": "https://registry.npmjs.org/es6-symbol/-/es6-symbol-3.1.3.tgz",
      "integrity": "sha512-NJ6Yn3FuDinBaBRWl/q5X/s4koRHBrgKAu+yGI6JCBeiu3qrcbJhwT2GeR/EXVfylRk8dpQVJoLEFhK+Mu31NA==",
      "requires": {
        "d": "^1.0.1",
        "ext": "^1.1.2"
      },
      "dependencies": {
        "d": {
          "version": "1.0.1",
          "resolved": "https://registry.npmjs.org/d/-/d-1.0.1.tgz",
          "integrity": "sha512-m62ShEObQ39CfralilEQRjH6oAMtNCV1xJyEx5LpRYUVN+EviphDgUc/F3hnYbADmkiNs67Y+3ylmlG7Lnu+FA==",
          "requires": {
            "es5-ext": "^0.10.50",
            "type": "^1.0.1"
          }
        }
      }
    },
    "evejs": {
      "version": "0.5.0",
      "resolved": "https://registry.npmjs.org/evejs/-/evejs-0.5.0.tgz",
      "integrity": "sha1-Ft0VHqzUUQIzFzLgjvckZV/amZ0=",
      "requires": {
        "amqplib": "0.4.1",
        "async": "1.5.2",
        "babble": "0.11.0",
        "distribus": "0.4.0",
        "hypertimer": "2.1.3",
        "promise": "7.1.1",
        "pubnub": "3.9.2",
        "seed-random": "2.2.0",
        "uuid-v4": "0.1.0",
        "ws": "1.0.1"
      }
    },
    "event-emitter": {
      "version": "0.3.4",
      "resolved": "https://registry.npmjs.org/event-emitter/-/event-emitter-0.3.4.tgz",
      "integrity": "sha1-jWPd+0z+H647MsomXExyAiIIC7U=",
      "requires": {
        "d": "~0.1.1",
        "es5-ext": "~0.10.7"
      }
    },
    "ext": {
      "version": "1.4.0",
      "resolved": "https://registry.npmjs.org/ext/-/ext-1.4.0.tgz",
      "integrity": "sha512-Key5NIsUxdqKg3vIsdw9dSuXpPCQ297y6wBjL30edxwPgt2E44WcWBZey/ZvUc6sERLTxKdyCu4gZFmUbk1Q7A==",
      "requires": {
        "type": "^2.0.0"
      },
      "dependencies": {
        "type": {
          "version": "2.0.0",
          "resolved": "https://registry.npmjs.org/type/-/type-2.0.0.tgz",
          "integrity": "sha512-KBt58xCHry4Cejnc2ISQAF7QY+ORngsWfxezO68+12hKV6lQY8P/psIkcbjeHWn7MqcgciWJyCCevFMJdIXpow=="
        }
      }
    },
    "google-trends-api": {
      "version": "4.9.0",
      "resolved": "https://registry.npmjs.org/google-trends-api/-/google-trends-api-4.9.0.tgz",
      "integrity": "sha512-ujOLHM98bE7Igy8YA4Lrb5naDpaY1wGt215zgHXPznCDwHmMjMK1FW8yW//dHQ9CKyG/HzaNBDfF7jEAUk8Kkw=="
    },
    "http-errors": {
      "version": "1.3.1",
      "resolved": "https://registry.npmjs.org/http-errors/-/http-errors-1.3.1.tgz",
      "integrity": "sha1-GX4izevUGYWF6GlO9nhhl7ke2UI=",
      "requires": {
        "inherits": "~2.0.1",
        "statuses": "1"
      }
    },
    "hypertimer": {
      "version": "2.1.3",
      "resolved": "https://registry.npmjs.org/hypertimer/-/hypertimer-2.1.3.tgz",
      "integrity": "sha1-ZchV7zXsjskgagDfzJBmjREuj9c=",
      "requires": {
        "body-parser": "1.14.1",
        "debug": "2.2.0",
        "event-emitter": "0.3.4",
        "node-uuid": "1.4.7",
        "promise": "7.0.4",
        "ws": "0.8.1"
      },
      "dependencies": {
        "node-uuid": {
          "version": "1.4.7",
          "resolved": "https://registry.npmjs.org/node-uuid/-/node-uuid-1.4.7.tgz",
          "integrity": "sha1-baWhdmjEs91ZYjvaEc9/pMH2Cm8="
        },
        "promise": {
          "version": "7.0.4",
          "resolved": "https://registry.npmjs.org/promise/-/promise-7.0.4.tgz",
          "integrity": "sha1-Nj6EpMNsg1a4kP7WLJHOhdAu1Tk=",
          "requires": {
            "asap": "~2.0.3"
          }
        },
        "ws": {
          "version": "0.8.1",
          "resolved": "https://registry.npmjs.org/ws/-/ws-0.8.1.tgz",
          "integrity": "sha1-a2UnO5kZPF8Gekz1gJWY93fjt1k=",
          "requires": {
            "bufferutil": "1.2.x",
            "options": ">=0.0.5",
            "ultron": "1.0.x",
            "utf-8-validate": "1.2.x"
          }
        }
      }
    },
    "iconv-lite": {
      "version": "0.4.12",
      "resolved": "https://registry.npmjs.org/iconv-lite/-/iconv-lite-0.4.12.tgz",
      "integrity": "sha1-70uyyyj0BtPAX8if7qRQRiS1rIc="
    },
    "inherits": {
      "version": "2.0.4",
      "resolved": "https://registry.npmjs.org/inherits/-/inherits-2.0.4.tgz",
      "integrity": "sha512-k/vGaX4/Yla3WzyMCvTQOXYeIHvqOKtnqBduzTHpzpQZzAskKMhZ2K+EnBiSM9zGSoIFeMpXKxa4dYeZIQqewQ=="
    },
    "isarray": {
      "version": "0.0.1",
      "resolved": "https://registry.npmjs.org/isarray/-/isarray-0.0.1.tgz",
      "integrity": "sha1-ihis/Kmo9Bd+Cav8YDiTmwXR7t8="
    },
    "lodash": {
      "version": "4.17.15",
      "resolved": "https://registry.npmjs.org/lodash/-/lodash-4.17.15.tgz",
      "integrity": "sha512-8xOcRHvCjnocdS5cpwXQXVzmmh5e5+saE2QGoeQmbKmRS6J3VQppPOIt0MnmE+4xlZoumy0GPG0D0MVIQbNA1A=="
    },
    "media-typer": {
      "version": "0.3.0",
      "resolved": "https://registry.npmjs.org/media-typer/-/media-typer-0.3.0.tgz",
      "integrity": "sha1-hxDXrwqmJvj/+hzgAWhUUmMlV0g="
    },
    "mime-db": {
      "version": "1.43.0",
      "resolved": "https://registry.npmjs.org/mime-db/-/mime-db-1.43.0.tgz",
      "integrity": "sha512-+5dsGEEovYbT8UY9yD7eE4XTc4UwJ1jBYlgaQQF38ENsKR3wj/8q8RFZrF9WIZpB2V1ArTVFUva8sAul1NzRzQ=="
    },
    "mime-types": {
      "version": "2.1.26",
      "resolved": "https://registry.npmjs.org/mime-types/-/mime-types-2.1.26.tgz",
      "integrity": "sha512-01paPWYgLrkqAyrlDorC1uDwl2p3qZT7yl806vW7DvDoxwXi46jsjFbg+WdwotBIk6/MbEhO/dh5aZ5sNj/dWQ==",
      "requires": {
        "mime-db": "1.43.0"
      }
    },
    "minimist": {
      "version": "1.2.0",
      "resolved": "https://registry.npmjs.org/minimist/-/minimist-1.2.0.tgz",
      "integrity": "sha1-o1AIsg9BOD7sH7kU9M1d95omQoQ="
    },
    "module-alias": {
      "version": "2.2.2",
      "resolved": "https://registry.npmjs.org/module-alias/-/module-alias-2.2.2.tgz",
      "integrity": "sha512-A/78XjoX2EmNvppVWEhM2oGk3x4lLxnkEA4jTbaK97QKSDjkIoOsKQlfylt/d3kKKi596Qy3NP5XrXJ6fZIC9Q=="
    },
    "moment": {
      "version": "2.24.0",
      "resolved": "https://registry.npmjs.org/moment/-/moment-2.24.0.tgz",
      "integrity": "sha512-bV7f+6l2QigeBBZSM/6yTNq4P2fNpSWj/0e7jQcy87A8e7o2nAfP/34/2ky5Vw4B9S446EtIhodAzkFCcR4dQg=="
    },
    "ms": {
      "version": "0.7.1",
      "resolved": "https://registry.npmjs.org/ms/-/ms-0.7.1.tgz",
      "integrity": "sha1-nNE8A62/8ltl7/3nzoZO6VIBcJg="
    },
    "nan": {
      "version": "1.0.0",
      "resolved": "https://registry.npmjs.org/nan/-/nan-1.0.0.tgz",
      "integrity": "sha1-riT4hQgY1mL8q1rPfzuVv6oszzg="
    },
    "next-tick": {
      "version": "1.0.0",
      "resolved": "https://registry.npmjs.org/next-tick/-/next-tick-1.0.0.tgz",
      "integrity": "sha1-yobR/ogoFpsBICCOPchCS524NCw="
    },
    "node-fetch": {
      "version": "2.6.0",
      "resolved": "https://registry.npmjs.org/node-fetch/-/node-fetch-2.6.0.tgz",
      "integrity": "sha512-8dG4H5ujfvFiqDmVu9fQ5bOHUC15JMjMY/Zumv26oOvvVJjM67KF8koCWIabKQ1GJIa9r2mMZscBq/TbdOcmNA=="
    },
    "node-uuid": {
      "version": "1.4.8",
      "resolved": "https://registry.npmjs.org/node-uuid/-/node-uuid-1.4.8.tgz",
      "integrity": "sha1-sEDrCSOWivq/jTL7HxfxFn/auQc="
    },
    "on-finished": {
      "version": "2.3.0",
      "resolved": "https://registry.npmjs.org/on-finished/-/on-finished-2.3.0.tgz",
      "integrity": "sha1-IPEzZIGwg811M3mSoWlxqi2QaUc=",
      "requires": {
        "ee-first": "1.1.1"
      }
    },
    "options": {
      "version": "0.0.6",
      "resolved": "https://registry.npmjs.org/options/-/options-0.0.6.tgz",
      "integrity": "sha1-7CLTEoBrtT5zF3Pnza788cZDEo8="
    },
    "promise": {
      "version": "7.1.1",
      "resolved": "https://registry.npmjs.org/promise/-/promise-7.1.1.tgz",
      "integrity": "sha1-SJZUxpJha4qlWwck+oCbt9tJxb8=",
      "requires": {
        "asap": "~2.0.3"
      }
    },
    "pubnub": {
      "version": "3.9.2",
      "resolved": "https://registry.npmjs.org/pubnub/-/pubnub-3.9.2.tgz",
      "integrity": "sha1-aNfGVL7mSLzX4TZBjQIjA7h1LOk=",
      "requires": {
        "agentkeepalive": "~0.2",
        "lodash": "^4.1.0"
      }
    },
    "pubsub-js": {
      "version": "1.5.8",
      "resolved": "https://registry.npmjs.org/pubsub-js/-/pubsub-js-1.5.8.tgz",
      "integrity": "sha512-xFYiphLY6y4P+c4fI8S5gBAeLr2/aJDShE8wNxEXyZzT+wqtP7HA+CUDXnkVpgsFy7va8KL1N+8/4lAfqJbnQg=="
    },
    "qs": {
      "version": "5.1.0",
      "resolved": "https://registry.npmjs.org/qs/-/qs-5.1.0.tgz",
      "integrity": "sha1-TZMuXH6kEcynajEtOaYGIA/VDNk="
    },
    "raw-body": {
      "version": "2.1.7",
      "resolved": "https://registry.npmjs.org/raw-body/-/raw-body-2.1.7.tgz",
      "integrity": "sha1-rf6s4uT7MJgFgBTQjActzFl1h3Q=",
      "requires": {
        "bytes": "2.4.0",
        "iconv-lite": "0.4.13",
        "unpipe": "1.0.0"
      },
      "dependencies": {
        "bytes": {
          "version": "2.4.0",
          "resolved": "https://registry.npmjs.org/bytes/-/bytes-2.4.0.tgz",
          "integrity": "sha1-fZcZb51br39pNeJZhVSe3SpsIzk="
        },
        "iconv-lite": {
          "version": "0.4.13",
          "resolved": "https://registry.npmjs.org/iconv-lite/-/iconv-lite-0.4.13.tgz",
          "integrity": "sha1-H4irpKsLFQjoMSrMOTRfNumS4vI="
        }
      }
    },
    "readable-stream": {
      "version": "1.1.14",
      "resolved": "https://registry.npmjs.org/readable-stream/-/readable-stream-1.1.14.tgz",
      "integrity": "sha1-fPTFTvZI44EwhMY23SB54WbAgdk=",
      "requires": {
        "core-util-is": "~1.0.0",
        "inherits": "~2.0.1",
        "isarray": "0.0.1",
        "string_decoder": "~0.10.x"
      }
    },
    "sandwich-stream": {
      "version": "2.0.2",
      "resolved": "https://registry.npmjs.org/sandwich-stream/-/sandwich-stream-2.0.2.tgz",
      "integrity": "sha512-jLYV0DORrzY3xaz/S9ydJL6Iz7essZeAfnAavsJ+zsJGZ1MOnsS52yRjU3uF3pJa/lla7+wisp//fxOwOH8SKQ=="
    },
    "seed-random": {
      "version": "2.2.0",
      "resolved": "https://registry.npmjs.org/seed-random/-/seed-random-2.2.0.tgz",
      "integrity": "sha1-KpsZ4lCoFwmSMaW5mk2vgLf77VQ="
    },
    "statuses": {
      "version": "1.5.0",
      "resolved": "https://registry.npmjs.org/statuses/-/statuses-1.5.0.tgz",
      "integrity": "sha1-Fhx9rBd2Wf2YEfQ3cfqZOBR4Yow="
    },
    "string_decoder": {
      "version": "0.10.31",
      "resolved": "https://registry.npmjs.org/string_decoder/-/string_decoder-0.10.31.tgz",
      "integrity": "sha1-YuIDvEF2bGwoyfyEMB2rHFMQ+pQ="
    },
    "telegraf": {
      "version": "3.35.0",
      "resolved": "https://registry.npmjs.org/telegraf/-/telegraf-3.35.0.tgz",
      "integrity": "sha512-C60rps0vEnKcg8ZwS3czwFRVUsq10tn+babK+ujdQeflX267yqB8sw4vVV7c7qCApccqI7sbCrBOPRVb2+4MoQ==",
      "requires": {
        "@types/node": "^13.1.0",
        "debug": "^4.0.1",
        "minimist": "^1.2.0",
        "module-alias": "^2.2.2",
        "node-fetch": "^2.2.0",
        "sandwich-stream": "^2.0.1",
        "telegram-typings": "^3.6.0"
      },
      "dependencies": {
        "debug": {
          "version": "4.1.1",
          "resolved": "https://registry.npmjs.org/debug/-/debug-4.1.1.tgz",
          "integrity": "sha512-pYAIzeRo8J6KPEaJ0VWOh5Pzkbw/RetuzehGM7QRRX5he4fPHx2rdKMB256ehJCkX+XRQm16eZLqLNS8RSZXZw==",
          "requires": {
            "ms": "^2.1.1"
          }
        },
        "ms": {
          "version": "2.1.2",
          "resolved": "https://registry.npmjs.org/ms/-/ms-2.1.2.tgz",
          "integrity": "sha512-sGkPx+VjMtmA6MX27oA4FBFELFCZZ4S4XqeGOXCv68tT+jb3vk/RyaKWP0PTKyWtmLSM0b+adUTEvbs1PEaH2w=="
        }
      }
    },
    "telegram-typings": {
      "version": "3.6.1",
      "resolved": "https://registry.npmjs.org/telegram-typings/-/telegram-typings-3.6.1.tgz",
      "integrity": "sha512-njVv1EAhIZnmQVLocZEADYUyqA1WIXuVcDYlsp+mXua/XB0pxx+PKtMSPeZ/EE4wPWTw9h/hA9ASTT6yQelkiw=="
    },
    "tinycolor": {
      "version": "0.0.1",
      "resolved": "https://registry.npmjs.org/tinycolor/-/tinycolor-0.0.1.tgz",
      "integrity": "sha1-MgtaUtg6u1l42Bo+iH1K77FaYWQ="
    },
    "type": {
      "version": "1.2.0",
      "resolved": "https://registry.npmjs.org/type/-/type-1.2.0.tgz",
      "integrity": "sha512-+5nt5AAniqsCnu2cEQQdpzCAh33kVx8n0VoFidKpB1dVVLAN/F+bgVOqOJqOnEnrhp222clB5p3vUlD+1QAnfg=="
    },
    "type-is": {
      "version": "1.6.18",
      "resolved": "https://registry.npmjs.org/type-is/-/type-is-1.6.18.tgz",
      "integrity": "sha512-TkRKr9sUTxEH8MdfuCSP7VizJyzRNMjj2J2do2Jr3Kym598JVdEksuzPQCnlFPW4ky9Q+iA+ma9BGm06XQBy8g==",
      "requires": {
        "media-typer": "0.3.0",
        "mime-types": "~2.1.24"
      }
    },
    "ultron": {
      "version": "1.0.2",
      "resolved": "https://registry.npmjs.org/ultron/-/ultron-1.0.2.tgz",
      "integrity": "sha1-rOEWq1V80Zc4ak6I9GhTeMiy5Po="
    },
    "unpipe": {
      "version": "1.0.0",
      "resolved": "https://registry.npmjs.org/unpipe/-/unpipe-1.0.0.tgz",
      "integrity": "sha1-sr9O6FFKrmFltIF4KdIbLvSZBOw="
    },
    "utf-8-validate": {
      "version": "1.2.2",
      "resolved": "https://registry.npmjs.org/utf-8-validate/-/utf-8-validate-1.2.2.tgz",
      "integrity": "sha1-i7hxpHQeCFxwSHynrNvX1tNgKes=",
      "optional": true,
      "requires": {
        "bindings": "~1.2.1",
        "nan": "~2.4.0"
      },
      "dependencies": {
        "nan": {
          "version": "2.4.0",
          "resolved": "https://registry.npmjs.org/nan/-/nan-2.4.0.tgz",
          "integrity": "sha1-+zxZ1F/k7/4hXwuJD4rfbrMtIjI=",
          "optional": true
        }
      }
    },
    "uuid-v4": {
      "version": "0.1.0",
      "resolved": "https://registry.npmjs.org/uuid-v4/-/uuid-v4-0.1.0.tgz",
      "integrity": "sha1-YtezEEBvbOz+oVKMafHo4LzsWjo="
    },
    "when": {
      "version": "3.6.4",
      "resolved": "https://registry.npmjs.org/when/-/when-3.6.4.tgz",
      "integrity": "sha1-RztRfsFZ4rhQBUl6E5g/CVQS404="
    },
    "ws": {
      "version": "1.0.1",
      "resolved": "https://registry.npmjs.org/ws/-/ws-1.0.1.tgz",
      "integrity": "sha1-fQsqLljN3YGQOcKcneZQReGzEOk=",
      "requires": {
        "options": ">=0.0.5",
        "ultron": "1.0.x"
      }
    }
  }
}
